
Microsoft Visual Studio Solution File, Format Version 12.00
# Visual Studio Version 17
VisualStudioVersion = 17.5.002.0
MinimumVisualStudioVersion = 10.0.40219.1
Project("{9A19103F-16F7-4668-BE54-9A1E7A4F7556}") = "asposeWordsPOC", "asposeWordsPOC.csproj", "{2583FC03-5988-4F4C-9938-505622B837AD}"
EndProject
Global
	GlobalSection(SolutionConfigurationPlatforms) = preSolution
		Debug|Any CPU = Debug|Any CPU
		Release|Any CPU = Release|Any CPU
	EndGlobalSection
	GlobalSection(ProjectConfigurationPlatforms) = postSolution
		{2583FC03-5988-4F4C-9938-505622B837AD}.Debug|Any CPU.ActiveCfg = Debug|Any CPU
		{2583FC03-5988-4F4C-9938-505622B837AD}.Debug|Any CPU.Build.0 = Debug|Any CPU
		{2583FC03-5988-4F4C-9938-505622B837AD}.Release|Any CPU.ActiveCfg = Release|Any CPU
		{2583FC03-5988-4F4C-9938-505622B837AD}.Release|Any CPU.Build.0 = Release|Any CPU
	EndGlobalSection
	GlobalSection(SolutionProperties) = preSolution
		HideSolutionNode = FALSE
	EndGlobalSection
	GlobalSection(ExtensibilityGlobals) = postSolution
		SolutionGuid = {3ADF58B8-3FEC-4CD2-B95F-AF660E210172}
	EndGlobalSection
EndGlobal
